
Microsoft Visual Studio Solution File, Format Version 12.00
# Visual Studio Version 17
VisualStudioVersion = 17.14.36915.13 d17.14
MinimumVisualStudioVersion = 10.0.40219.1
Project("{FAE04EC0-301F-11D3-BF4B-00C04F79EFBC}") = "NotesApp.MVC", "NotesApp.MVC\NotesApp.MVC.csproj", "{BC80B49F-F5E3-4C68-949B-CB3420AD27DF}"
EndProject
Global
	GlobalSection(SolutionConfigurationPlatforms) = preSolution
		Debug|Any CPU = Debug|Any CPU
		Release|Any CPU = Release|Any CPU
	EndGlobalSection
	GlobalSection(ProjectConfigurationPlatforms) = postSolution
		{BC80B49F-F5E3-4C68-949B-CB3420AD27DF}.Debug|Any CPU.ActiveCfg = Debug|Any CPU
		{BC80B49F-F5E3-4C68-949B-CB3420AD27DF}.Debug|Any CPU.Build.0 = Debug|Any CPU
		{BC80B49F-F5E3-4C68-949B-CB3420AD27DF}.Release|Any CPU.ActiveCfg = Release|Any CPU
		{BC80B49F-F5E3-4C68-949B-CB3420AD27DF}.Release|Any CPU.Build.0 = Release|Any CPU
	EndGlobalSection
	GlobalSection(SolutionProperties) = preSolution
		HideSolutionNode = FALSE
	EndGlobalSection
	GlobalSection(ExtensibilityGlobals) = postSolution
		SolutionGuid = {0B69F00D-7543-44AD-9BD7-44FDA446D522}
	EndGlobalSection
EndGlobal
